
Microsoft Visual Studio Solution File, Format Version 12.00
# Visual Studio Version 17
VisualStudioVersion = 17.14.36518.9 d17.14
MinimumVisualStudioVersion = 10.0.40219.1
Project("{FAE04EC0-301F-11D3-BF4B-00C04F79EFBC}") = "NewBootOptions", "NewBootOptions.csproj", "{D121F940-6EDA-82DD-4525-6084CFBA8C2B}"
EndProject
Global
	GlobalSection(SolutionConfigurationPlatforms) = preSolution
		Debug|Any CPU = Debug|Any CPU
		Release|Any CPU = Release|Any CPU
	EndGlobalSection
	GlobalSection(ProjectConfigurationPlatforms) = postSolution
		{D121F940-6EDA-82DD-4525-6084CFBA8C2B}.Debug|Any CPU.ActiveCfg = Debug|Any CPU
		{D121F940-6EDA-82DD-4525-6084CFBA8C2B}.Debug|Any CPU.Build.0 = Debug|Any CPU
		{D121F940-6EDA-82DD-4525-6084CFBA8C2B}.Release|Any CPU.ActiveCfg = Release|Any CPU
		{D121F940-6EDA-82DD-4525-6084CFBA8C2B}.Release|Any CPU.Build.0 = Release|Any CPU
	EndGlobalSection
	GlobalSection(SolutionProperties) = preSolution
		HideSolutionNode = FALSE
	EndGlobalSection
	GlobalSection(ExtensibilityGlobals) = postSolution
		SolutionGuid = {32221DB6-6E71-4227-904A-D8E4658605C0}
	EndGlobalSection
EndGlobal
